
Microsoft Visual Studio Solution File, Format Version 12.00
# Visual Studio 2013
VisualStudioVersion = 12.0.31101.0
MinimumVisualStudioVersion = 10.0.40219.1
Project("{FAE04EC0-301F-11D3-BF4B-00C04F79EFBC}") = "Little John", "Little John\Little John.csproj", "{B43ABAE7-EFB5-4723-9744-332D230515C2}"
EndProject
Project("{FAE04EC0-301F-11D3-BF4B-00C04F79EFBC}") = "Sum Of All Values", "Sum Of All Values\Sum Of All Values.csproj", "{32EB218C-5AE9-440B-B739-9B6CDC7C30A4}"
EndProject
Project("{FAE04EC0-301F-11D3-BF4B-00C04F79EFBC}") = "IT Village", "IT Village\IT Village.csproj", "{613EB4BB-A59C-4B64-A038-74BFA37D60B6}"
EndProject
Project("{FAE04EC0-301F-11D3-BF4B-00C04F79EFBC}") = "01-10 Homework Problems", "01-10 Homework Problems\01-10 Homework Problems.csproj", "{47B29E2D-4D07-4785-9825-7E9214473FCD}"
EndProject
Global
	GlobalSection(SolutionConfigurationPlatforms) = preSolution
		Debug|Any CPU = Debug|Any CPU
		Release|Any CPU = Release|Any CPU
	EndGlobalSection
	GlobalSection(ProjectConfigurationPlatforms) = postSolution
		{B43ABAE7-EFB5-4723-9744-332D230515C2}.Debug|Any CPU.ActiveCfg = Debug|Any CPU
		{B43ABAE7-EFB5-4723-9744-332D230515C2}.Debug|Any CPU.Build.0 = Debug|Any CPU
		{B43ABAE7-EFB5-4723-9744-332D230515C2}.Release|Any CPU.ActiveCfg = Release|Any CPU
		{B43ABAE7-EFB5-4723-9744-332D230515C2}.Release|Any CPU.Build.0 = Release|Any CPU
		{32EB218C-5AE9-440B-B739-9B6CDC7C30A4}.Debug|Any CPU.ActiveCfg = Debug|Any CPU
		{32EB218C-5AE9-440B-B739-9B6CDC7C30A4}.Debug|Any CPU.Build.0 = Debug|Any CPU
		{32EB218C-5AE9-440B-B739-9B6CDC7C30A4}.Release|Any CPU.ActiveCfg = Release|Any CPU
		{32EB218C-5AE9-440B-B739-9B6CDC7C30A4}.Release|Any CPU.Build.0 = Release|Any CPU
		{613EB4BB-A59C-4B64-A038-74BFA37D60B6}.Debug|Any CPU.ActiveCfg = Debug|Any CPU
		{613EB4BB-A59C-4B64-A038-74BFA37D60B6}.Debug|Any CPU.Build.0 = Debug|Any CPU
		{613EB4BB-A59C-4B64-A038-74BFA37D60B6}.Release|Any CPU.ActiveCfg = Release|Any CPU
		{613EB4BB-A59C-4B64-A038-74BFA37D60B6}.Release|Any CPU.Build.0 = Release|Any CPU
		{47B29E2D-4D07-4785-9825-7E9214473FCD}.Debug|Any CPU.ActiveCfg = Debug|Any CPU
		{47B29E2D-4D07-4785-9825-7E9214473FCD}.Debug|Any CPU.Build.0 = Debug|Any CPU
		{47B29E2D-4D07-4785-9825-7E9214473FCD}.Release|Any CPU.ActiveCfg = Release|Any CPU
		{47B29E2D-4D07-4785-9825-7E9214473FCD}.Release|Any CPU.Build.0 = Release|Any CPU
	EndGlobalSection
	GlobalSection(SolutionProperties) = preSolution
		HideSolutionNode = FALSE
	EndGlobalSection
EndGlobal
